
Microsoft Visual Studio Solution File, Format Version 12.00
# Visual Studio 2012
Project("{FAE04EC0-301F-11D3-BF4B-00C04F79EFBC}") = "XamariniOSVolumeControl", "XamariniOSVolumeControl\XamariniOSVolumeControl.csproj", "{9DD71CA7-F1F1-435F-BBCE-87BC39F035C1}"
EndProject
Global
	GlobalSection(SolutionConfigurationPlatforms) = preSolution
		Debug|iPhoneSimulator = Debug|iPhoneSimulator
		Release|iPhone = Release|iPhone
		Release|iPhoneSimulator = Release|iPhoneSimulator
		Debug|iPhone = Debug|iPhone
	EndGlobalSection
	GlobalSection(ProjectConfigurationPlatforms) = postSolution
		{9DD71CA7-F1F1-435F-BBCE-87BC39F035C1}.Debug|iPhoneSimulator.ActiveCfg = Debug|iPhoneSimulator
		{9DD71CA7-F1F1-435F-BBCE-87BC39F035C1}.Debug|iPhoneSimulator.Build.0 = Debug|iPhoneSimulator
		{9DD71CA7-F1F1-435F-BBCE-87BC39F035C1}.Release|iPhone.ActiveCfg = Release|iPhone
		{9DD71CA7-F1F1-435F-BBCE-87BC39F035C1}.Release|iPhone.Build.0 = Release|iPhone
		{9DD71CA7-F1F1-435F-BBCE-87BC39F035C1}.Release|iPhoneSimulator.ActiveCfg = Release|iPhoneSimulator
		{9DD71CA7-F1F1-435F-BBCE-87BC39F035C1}.Release|iPhoneSimulator.Build.0 = Release|iPhoneSimulator
		{9DD71CA7-F1F1-435F-BBCE-87BC39F035C1}.Debug|iPhone.ActiveCfg = Debug|iPhone
		{9DD71CA7-F1F1-435F-BBCE-87BC39F035C1}.Debug|iPhone.Build.0 = Debug|iPhone
	EndGlobalSection
EndGlobal
